
Microsoft Visual Studio Solution File, Format Version 12.00
# Visual Studio 15
VisualStudioVersion = 15.0.26403.7
MinimumVisualStudioVersion = 10.0.40219.1
Project("{FAE04EC0-301F-11D3-BF4B-00C04F79EFBC}") = "CustomerService", "CustomerService\CustomerService.csproj", "{61654378-0904-40B4-99A2-D884989D020F}"
EndProject
Project("{FAE04EC0-301F-11D3-BF4B-00C04F79EFBC}") = "CustomerDbAccess", "CustomerDbAccess\CustomerDbAccess.csproj", "{6F2751A5-3218-46DD-BCEA-61CBED051D7A}"
EndProject
Project("{FAE04EC0-301F-11D3-BF4B-00C04F79EFBC}") = "Repository", "Repository\Repository.csproj", "{98EA3C9B-480F-4B11-87CA-D737F0A7B004}"
EndProject
Global
	GlobalSection(SolutionConfigurationPlatforms) = preSolution
		Debug|Any CPU = Debug|Any CPU
		Release|Any CPU = Release|Any CPU
	EndGlobalSection
	GlobalSection(ProjectConfigurationPlatforms) = postSolution
		{61654378-0904-40B4-99A2-D884989D020F}.Debug|Any CPU.ActiveCfg = Debug|Any CPU
		{61654378-0904-40B4-99A2-D884989D020F}.Debug|Any CPU.Build.0 = Debug|Any CPU
		{61654378-0904-40B4-99A2-D884989D020F}.Release|Any CPU.ActiveCfg = Release|Any CPU
		{61654378-0904-40B4-99A2-D884989D020F}.Release|Any CPU.Build.0 = Release|Any CPU
		{6F2751A5-3218-46DD-BCEA-61CBED051D7A}.Debug|Any CPU.ActiveCfg = Debug|Any CPU
		{6F2751A5-3218-46DD-BCEA-61CBED051D7A}.Debug|Any CPU.Build.0 = Debug|Any CPU
		{6F2751A5-3218-46DD-BCEA-61CBED051D7A}.Release|Any CPU.ActiveCfg = Release|Any CPU
		{6F2751A5-3218-46DD-BCEA-61CBED051D7A}.Release|Any CPU.Build.0 = Release|Any CPU
		{98EA3C9B-480F-4B11-87CA-D737F0A7B004}.Debug|Any CPU.ActiveCfg = Debug|Any CPU
		{98EA3C9B-480F-4B11-87CA-D737F0A7B004}.Debug|Any CPU.Build.0 = Debug|Any CPU
		{98EA3C9B-480F-4B11-87CA-D737F0A7B004}.Release|Any CPU.ActiveCfg = Release|Any CPU
		{98EA3C9B-480F-4B11-87CA-D737F0A7B004}.Release|Any CPU.Build.0 = Release|Any CPU
	EndGlobalSection
	GlobalSection(SolutionProperties) = preSolution
		HideSolutionNode = FALSE
	EndGlobalSection
EndGlobal
